
Microsoft Visual Studio Solution File, Format Version 12.00
# Visual Studio Version 17
VisualStudioVersion = 17.1.32228.430
MinimumVisualStudioVersion = 10.0.40219.1
Project("{FAE04EC0-301F-11D3-BF4B-00C04F79EFBC}") = "Application", "Application\Application.csproj", "{DF5CABBE-42FD-4A0E-898D-68A9A79DE6C7}"
EndProject
Project("{FAE04EC0-301F-11D3-BF4B-00C04F79EFBC}") = "DataContracts", "..\DataContracts\DataContracts.csproj", "{E6F044BD-2327-4759-AC51-2C3B79ABBDAA}"
EndProject
Project("{FAE04EC0-301F-11D3-BF4B-00C04F79EFBC}") = "Infrastructure", "..\Infrastructure\Infrastructure.csproj", "{30CE6746-DB4F-4AA5-B13C-D04CFB013F95}"
EndProject
Project("{FAE04EC0-301F-11D3-BF4B-00C04F79EFBC}") = "Business", "..\Business\Business.csproj", "{2C4D8E6F-CAEA-4C2F-8C18-7022CA179F1E}"
EndProject
Global
	GlobalSection(SolutionConfigurationPlatforms) = preSolution
		Debug|Any CPU = Debug|Any CPU
		Release|Any CPU = Release|Any CPU
	EndGlobalSection
	GlobalSection(ProjectConfigurationPlatforms) = postSolution
		{DF5CABBE-42FD-4A0E-898D-68A9A79DE6C7}.Debug|Any CPU.ActiveCfg = Debug|Any CPU
		{DF5CABBE-42FD-4A0E-898D-68A9A79DE6C7}.Debug|Any CPU.Build.0 = Debug|Any CPU
		{DF5CABBE-42FD-4A0E-898D-68A9A79DE6C7}.Release|Any CPU.ActiveCfg = Release|Any CPU
		{DF5CABBE-42FD-4A0E-898D-68A9A79DE6C7}.Release|Any CPU.Build.0 = Release|Any CPU
		{E6F044BD-2327-4759-AC51-2C3B79ABBDAA}.Debug|Any CPU.ActiveCfg = Debug|Any CPU
		{E6F044BD-2327-4759-AC51-2C3B79ABBDAA}.Debug|Any CPU.Build.0 = Debug|Any CPU
		{E6F044BD-2327-4759-AC51-2C3B79ABBDAA}.Release|Any CPU.ActiveCfg = Release|Any CPU
		{E6F044BD-2327-4759-AC51-2C3B79ABBDAA}.Release|Any CPU.Build.0 = Release|Any CPU
		{30CE6746-DB4F-4AA5-B13C-D04CFB013F95}.Debug|Any CPU.ActiveCfg = Debug|Any CPU
		{30CE6746-DB4F-4AA5-B13C-D04CFB013F95}.Debug|Any CPU.Build.0 = Debug|Any CPU
		{30CE6746-DB4F-4AA5-B13C-D04CFB013F95}.Release|Any CPU.ActiveCfg = Release|Any CPU
		{30CE6746-DB4F-4AA5-B13C-D04CFB013F95}.Release|Any CPU.Build.0 = Release|Any CPU
		{2C4D8E6F-CAEA-4C2F-8C18-7022CA179F1E}.Debug|Any CPU.ActiveCfg = Debug|Any CPU
		{2C4D8E6F-CAEA-4C2F-8C18-7022CA179F1E}.Debug|Any CPU.Build.0 = Debug|Any CPU
		{2C4D8E6F-CAEA-4C2F-8C18-7022CA179F1E}.Release|Any CPU.ActiveCfg = Release|Any CPU
		{2C4D8E6F-CAEA-4C2F-8C18-7022CA179F1E}.Release|Any CPU.Build.0 = Release|Any CPU
	EndGlobalSection
	GlobalSection(SolutionProperties) = preSolution
		HideSolutionNode = FALSE
	EndGlobalSection
	GlobalSection(ExtensibilityGlobals) = postSolution
		SolutionGuid = {F908B6E3-4BD0-4A52-87B9-ED171B447E89}
	EndGlobalSection
EndGlobal
